
Microsoft Visual Studio Solution File, Format Version 12.00
# Visual Studio Version 16
VisualStudioVersion = 16.0.29025.244
MinimumVisualStudioVersion = 10.0.40219.1
Project("{9A19103F-16F7-4668-BE54-9A1E7A4F7556}") = "Docker.Demo.Console", "Docker.Demo.Console\Docker.Demo.Console.csproj", "{548ADACC-1654-4906-AC3B-0479C5534E2C}"
EndProject
Project("{FAE04EC0-301F-11D3-BF4B-00C04F79EFBC}") = "Docker.Demo.Api", "Docker.Demo.Api\Docker.Demo.Api.csproj", "{791F1912-E486-49C9-A9DE-FB403B0ED595}"
EndProject
Global
	GlobalSection(SolutionConfigurationPlatforms) = preSolution
		Debug|Any CPU = Debug|Any CPU
		Release|Any CPU = Release|Any CPU
	EndGlobalSection
	GlobalSection(ProjectConfigurationPlatforms) = postSolution
		{548ADACC-1654-4906-AC3B-0479C5534E2C}.Debug|Any CPU.ActiveCfg = Debug|Any CPU
		{548ADACC-1654-4906-AC3B-0479C5534E2C}.Debug|Any CPU.Build.0 = Debug|Any CPU
		{548ADACC-1654-4906-AC3B-0479C5534E2C}.Release|Any CPU.ActiveCfg = Release|Any CPU
		{548ADACC-1654-4906-AC3B-0479C5534E2C}.Release|Any CPU.Build.0 = Release|Any CPU
		{791F1912-E486-49C9-A9DE-FB403B0ED595}.Debug|Any CPU.ActiveCfg = Debug|Any CPU
		{791F1912-E486-49C9-A9DE-FB403B0ED595}.Debug|Any CPU.Build.0 = Debug|Any CPU
		{791F1912-E486-49C9-A9DE-FB403B0ED595}.Release|Any CPU.ActiveCfg = Release|Any CPU
		{791F1912-E486-49C9-A9DE-FB403B0ED595}.Release|Any CPU.Build.0 = Release|Any CPU
	EndGlobalSection
	GlobalSection(SolutionProperties) = preSolution
		HideSolutionNode = FALSE
	EndGlobalSection
	GlobalSection(ExtensibilityGlobals) = postSolution
		SolutionGuid = {3D1E5C98-CF08-483F-80B6-022014DED5DD}
	EndGlobalSection
EndGlobal
